// !$*UTF8*$!
{
	archiveVersion = 1;
	classes = {
	};
	objectVersion = 56;
	objects = {

/* Begin PBXBuildFile section */
		4B3933D829DCD72C005C2F3A /* floApp.swift in Sources */ = {isa = PBXBuildFile; fileRef = 4B3933D729DCD72C005C2F3A /* floApp.swift */; };
		4B3933DC29DCD72E005C2F3A /* Assets.xcassets in Resources */ = {isa = PBXBuildFile; fileRef = 4B3933DB29DCD72E005C2F3A /* Assets.xcassets */; };
		4B3933DF29DCD72E005C2F3A /* Preview Assets.xcassets in Resources */ = {isa = PBXBuildFile; fileRef = 4B3933DE29DCD72E005C2F3A /* Preview Assets.xcassets */; };
		4B3933E929DCD75E005C2F3A /* Coordinator.swift in Sources */ = {isa = PBXBuildFile; fileRef = 4B3933E829DCD75E005C2F3A /* Coordinator.swift */; };
		4B3933EB29DCD766005C2F3A /* CoordinatorView.swift in Sources */ = {isa = PBXBuildFile; fileRef = 4B3933EA29DCD766005C2F3A /* CoordinatorView.swift */; };
		4B3933F029DCD7EB005C2F3A /* View.swift in Sources */ = {isa = PBXBuildFile; fileRef = 4B3933EF29DCD7EB005C2F3A /* View.swift */; };
		4B3933F229DCD7FF005C2F3A /* UIViewController.swift in Sources */ = {isa = PBXBuildFile; fileRef = 4B3933F129DCD7FF005C2F3A /* UIViewController.swift */; };
		4B39340229DCDC14005C2F3A /* ThirdScreenViewModel.swift in Sources */ = {isa = PBXBuildFile; fileRef = 4B3933F429DCDC14005C2F3A /* ThirdScreenViewModel.swift */; };
		4B39340329DCDC14005C2F3A /* ThirdScreenView.swift in Sources */ = {isa = PBXBuildFile; fileRef = 4B3933F529DCDC14005C2F3A /* ThirdScreenView.swift */; };
		4B39340629DCDC14005C2F3A /* ContentViewModel.swift in Sources */ = {isa = PBXBuildFile; fileRef = 4B3933FA29DCDC14005C2F3A /* ContentViewModel.swift */; };
		4B39340729DCDC14005C2F3A /* ContentView.swift in Sources */ = {isa = PBXBuildFile; fileRef = 4B3933FB29DCDC14005C2F3A /* ContentView.swift */; };
		4B39340A29DCDC14005C2F3A /* SecondViewModel.swift in Sources */ = {isa = PBXBuildFile; fileRef = 4B39340029DCDC14005C2F3A /* SecondViewModel.swift */; };
		4B39340B29DCDC14005C2F3A /* SecondView.swift in Sources */ = {isa = PBXBuildFile; fileRef = 4B39340129DCDC14005C2F3A /* SecondView.swift */; };
		4B39340D29DCE2A4005C2F3A /* CoordinatorUINavigationController.swift in Sources */ = {isa = PBXBuildFile; fileRef = 4B39340C29DCE2A4005C2F3A /* CoordinatorUINavigationController.swift */; };
		4B39340F29DEB4D0005C2F3A /* ModalPresentationType.swift in Sources */ = {isa = PBXBuildFile; fileRef = 4B39340E29DEB4D0005C2F3A /* ModalPresentationType.swift */; };
		4B39341729E6FA4B005C2F3A /* TestImageLibView.swift in Sources */ = {isa = PBXBuildFile; fileRef = 4B39341629E6FA4B005C2F3A /* TestImageLibView.swift */; };
		4B39341A29EF2C50005C2F3A /* NavigationBar.swift in Sources */ = {isa = PBXBuildFile; fileRef = 4B39341929EF2C4F005C2F3A /* NavigationBar.swift */; };
/* End PBXBuildFile section */

/* Begin PBXFileReference section */
		4B3933D429DCD72C005C2F3A /* flo.app */ = {isa = PBXFileReference; explicitFileType = wrapper.application; includeInIndex = 0; path = flo.app; sourceTree = BUILT_PRODUCTS_DIR; };
		4B3933D729DCD72C005C2F3A /* floApp.swift */ = {isa = PBXFileReference; lastKnownFileType = sourcecode.swift; path = floApp.swift; sourceTree = "<group>"; };
		4B3933DB29DCD72E005C2F3A /* Assets.xcassets */ = {isa = PBXFileReference; lastKnownFileType = folder.assetcatalog; path = Assets.xcassets; sourceTree = "<group>"; };
		4B3933DE29DCD72E005C2F3A /* Preview Assets.xcassets */ = {isa = PBXFileReference; lastKnownFileType = folder.assetcatalog; path = "Preview Assets.xcassets"; sourceTree = "<group>"; };
		4B3933E829DCD75E005C2F3A /* Coordinator.swift */ = {isa = PBXFileReference; lastKnownFileType = sourcecode.swift; path = Coordinator.swift; sourceTree = "<group>"; };
		4B3933EA29DCD766005C2F3A /* CoordinatorView.swift */ = {isa = PBXFileReference; lastKnownFileType = sourcecode.swift; path = CoordinatorView.swift; sourceTree = "<group>"; };
		4B3933EF29DCD7EB005C2F3A /* View.swift */ = {isa = PBXFileReference; lastKnownFileType = sourcecode.swift; path = View.swift; sourceTree = "<group>"; };
		4B3933F129DCD7FF005C2F3A /* UIViewController.swift */ = {isa = PBXFileReference; lastKnownFileType = sourcecode.swift; path = UIViewController.swift; sourceTree = "<group>"; };
		4B3933F429DCDC14005C2F3A /* ThirdScreenViewModel.swift */ = {isa = PBXFileReference; fileEncoding = 4; lastKnownFileType = sourcecode.swift; path = ThirdScreenViewModel.swift; sourceTree = "<group>"; };
		4B3933F529DCDC14005C2F3A /* ThirdScreenView.swift */ = {isa = PBXFileReference; fileEncoding = 4; lastKnownFileType = sourcecode.swift; path = ThirdScreenView.swift; sourceTree = "<group>"; };
		4B3933FA29DCDC14005C2F3A /* ContentViewModel.swift */ = {isa = PBXFileReference; fileEncoding = 4; lastKnownFileType = sourcecode.swift; path = ContentViewModel.swift; sourceTree = "<group>"; };
		4B3933FB29DCDC14005C2F3A /* ContentView.swift */ = {isa = PBXFileReference; fileEncoding = 4; lastKnownFileType = sourcecode.swift; path = ContentView.swift; sourceTree = "<group>"; };
		4B39340029DCDC14005C2F3A /* SecondViewModel.swift */ = {isa = PBXFileReference; fileEncoding = 4; lastKnownFileType = sourcecode.swift; path = SecondViewModel.swift; sourceTree = "<group>"; };
		4B39340129DCDC14005C2F3A /* SecondView.swift */ = {isa = PBXFileReference; fileEncoding = 4; lastKnownFileType = sourcecode.swift; path = SecondView.swift; sourceTree = "<group>"; };
		4B39340C29DCE2A4005C2F3A /* CoordinatorUINavigationController.swift */ = {isa = PBXFileReference; lastKnownFileType = sourcecode.swift; path = CoordinatorUINavigationController.swift; sourceTree = "<group>"; };
		4B39340E29DEB4D0005C2F3A /* ModalPresentationType.swift */ = {isa = PBXFileReference; lastKnownFileType = sourcecode.swift; path = ModalPresentationType.swift; sourceTree = "<group>"; };
		4B39341629E6FA4B005C2F3A /* TestImageLibView.swift */ = {isa = PBXFileReference; lastKnownFileType = sourcecode.swift; path = TestImageLibView.swift; sourceTree = "<group>"; };
		4B39341929EF2C4F005C2F3A /* NavigationBar.swift */ = {isa = PBXFileReference; lastKnownFileType = sourcecode.swift; path = NavigationBar.swift; sourceTree = "<group>"; };
/* End PBXFileReference section */

/* Begin PBXFrameworksBuildPhase section */
		4B3933D129DCD72C005C2F3A /* Frameworks */ = {
			isa = PBXFrameworksBuildPhase;
			buildActionMask = 2147483647;
			files = (
			);
			runOnlyForDeploymentPostprocessing = 0;
		};
/* End PBXFrameworksBuildPhase section */

/* Begin PBXGroup section */
		4B3933CB29DCD72C005C2F3A = {
			isa = PBXGroup;
			children = (
				4B3933D629DCD72C005C2F3A /* flo */,
				4B3933D529DCD72C005C2F3A /* Products */,
			);
			sourceTree = "<group>";
		};
		4B3933D529DCD72C005C2F3A /* Products */ = {
			isa = PBXGroup;
			children = (
				4B3933D429DCD72C005C2F3A /* flo.app */,
			);
			name = Products;
			sourceTree = "<group>";
		};
		4B3933D629DCD72C005C2F3A /* flo */ = {
			isa = PBXGroup;
			children = (
				4B3933E529DCD746005C2F3A /* Main */,
				4B3933E629DCD74D005C2F3A /* Screens */,
				4B3933E729DCD752005C2F3A /* Coordinator */,
				4B3933EC29DCD7B4005C2F3A /* Extensions & Utils */,
				4B3933DB29DCD72E005C2F3A /* Assets.xcassets */,
				4B3933DD29DCD72E005C2F3A /* Preview Content */,
			);
			path = flo;
			sourceTree = "<group>";
		};
		4B3933DD29DCD72E005C2F3A /* Preview Content */ = {
			isa = PBXGroup;
			children = (
				4B3933DE29DCD72E005C2F3A /* Preview Assets.xcassets */,
			);
			path = "Preview Content";
			sourceTree = "<group>";
		};
		4B3933E529DCD746005C2F3A /* Main */ = {
			isa = PBXGroup;
			children = (
				4B3933D729DCD72C005C2F3A /* floApp.swift */,
			);
			path = Main;
			sourceTree = "<group>";
		};
		4B3933E629DCD74D005C2F3A /* Screens */ = {
			isa = PBXGroup;
			children = (
				4B39341529E6F45B005C2F3A /* ImageTest */,
				4B3933F929DCDC14005C2F3A /* FirstScreen */,
				4B3933FF29DCDC14005C2F3A /* SecondScreen */,
				4B3933F329DCDC14005C2F3A /* ThirdScreen */,
			);
			path = Screens;
			sourceTree = "<group>";
		};
		4B3933E729DCD752005C2F3A /* Coordinator */ = {
			isa = PBXGroup;
			children = (
				4B3933E829DCD75E005C2F3A /* Coordinator.swift */,
				4B3933EA29DCD766005C2F3A /* CoordinatorView.swift */,
			);
			path = Coordinator;
			sourceTree = "<group>";
		};
		4B3933EC29DCD7B4005C2F3A /* Extensions & Utils */ = {
			isa = PBXGroup;
			children = (
				4B3933EF29DCD7EB005C2F3A /* View.swift */,
				4B3933F129DCD7FF005C2F3A /* UIViewController.swift */,
				4B39340C29DCE2A4005C2F3A /* CoordinatorUINavigationController.swift */,
				4B39340E29DEB4D0005C2F3A /* ModalPresentationType.swift */,
				4B39341929EF2C4F005C2F3A /* NavigationBar.swift */,
			);
			path = "Extensions & Utils";
			sourceTree = "<group>";
		};
		4B3933F329DCDC14005C2F3A /* ThirdScreen */ = {
			isa = PBXGroup;
			children = (
				4B3933F529DCDC14005C2F3A /* ThirdScreenView.swift */,
				4B3933F429DCDC14005C2F3A /* ThirdScreenViewModel.swift */,
			);
			path = ThirdScreen;
			sourceTree = "<group>";
		};
		4B3933F929DCDC14005C2F3A /* FirstScreen */ = {
			isa = PBXGroup;
			children = (
				4B3933FB29DCDC14005C2F3A /* ContentView.swift */,
				4B3933FA29DCDC14005C2F3A /* ContentViewModel.swift */,
			);
			path = FirstScreen;
			sourceTree = "<group>";
		};
		4B3933FF29DCDC14005C2F3A /* SecondScreen */ = {
			isa = PBXGroup;
			children = (
				4B39340129DCDC14005C2F3A /* SecondView.swift */,
				4B39340029DCDC14005C2F3A /* SecondViewModel.swift */,
			);
			path = SecondScreen;
			sourceTree = "<group>";
		};
		4B39341529E6F45B005C2F3A /* ImageTest */ = {
			isa = PBXGroup;
			children = (
				4B39341629E6FA4B005C2F3A /* TestImageLibView.swift */,
			);
			path = ImageTest;
			sourceTree = "<group>";
		};
/* End PBXGroup section */

/* Begin PBXNativeTarget section */
		4B3933D329DCD72C005C2F3A /* flo */ = {
			isa = PBXNativeTarget;
			buildConfigurationList = 4B3933E229DCD72E005C2F3A /* Build configuration list for PBXNativeTarget "flo" */;
			buildPhases = (
				4B3933D029DCD72C005C2F3A /* Sources */,
				4B3933D129DCD72C005C2F3A /* Frameworks */,
				4B3933D229DCD72C005C2F3A /* Resources */,
			);
			buildRules = (
			);
			dependencies = (
			);
			name = flo;
			productName = flo;
			productReference = 4B3933D429DCD72C005C2F3A /* flo.app */;
			productType = "com.apple.product-type.application";
		};
/* End PBXNativeTarget section */

/* Begin PBXProject section */
		4B3933CC29DCD72C005C2F3A /* Project object */ = {
			isa = PBXProject;
			attributes = {
				BuildIndependentTargetsInParallel = 1;
				LastSwiftUpdateCheck = 1420;
				LastUpgradeCheck = 1420;
				TargetAttributes = {
					4B3933D329DCD72C005C2F3A = {
						CreatedOnToolsVersion = 14.2;
					};
				};
			};
			buildConfigurationList = 4B3933CF29DCD72C005C2F3A /* Build configuration list for PBXProject "flo" */;
			compatibilityVersion = "Xcode 14.0";
			developmentRegion = en;
			hasScannedForEncodings = 0;
			knownRegions = (
				en,
				Base,
			);
			mainGroup = 4B3933CB29DCD72C005C2F3A;
			productRefGroup = 4B3933D529DCD72C005C2F3A /* Products */;
			projectDirPath = "";
			projectRoot = "";
			targets = (
				4B3933D329DCD72C005C2F3A /* flo */,
			);
		};
/* End PBXProject section */

/* Begin PBXResourcesBuildPhase section */
		4B3933D229DCD72C005C2F3A /* Resources */ = {
			isa = PBXResourcesBuildPhase;
			buildActionMask = 2147483647;
			files = (
				4B3933DF29DCD72E005C2F3A /* Preview Assets.xcassets in Resources */,
				4B3933DC29DCD72E005C2F3A /* Assets.xcassets in Resources */,
			);
			runOnlyForDeploymentPostprocessing = 0;
		};
/* End PBXResourcesBuildPhase section */

/* Begin PBXSourcesBuildPhase section */
		4B3933D029DCD72C005C2F3A /* Sources */ = {
			isa = PBXSourcesBuildPhase;
			buildActionMask = 2147483647;
			files = (
				4B39340A29DCDC14005C2F3A /* SecondViewModel.swift in Sources */,
				4B3933F029DCD7EB005C2F3A /* View.swift in Sources */,
				4B39340F29DEB4D0005C2F3A /* ModalPresentationType.swift in Sources */,
				4B39340729DCDC14005C2F3A /* ContentView.swift in Sources */,
				4B3933E929DCD75E005C2F3A /* Coordinator.swift in Sources */,
				4B39341A29EF2C50005C2F3A /* NavigationBar.swift in Sources */,
				4B3933EB29DCD766005C2F3A /* CoordinatorView.swift in Sources */,
				4B39340B29DCDC14005C2F3A /* SecondView.swift in Sources */,
				4B39340629DCDC14005C2F3A /* ContentViewModel.swift in Sources */,
				4B39341729E6FA4B005C2F3A /* TestImageLibView.swift in Sources */,
				4B3933D829DCD72C005C2F3A /* floApp.swift in Sources */,
				4B39340D29DCE2A4005C2F3A /* CoordinatorUINavigationController.swift in Sources */,
				4B39340229DCDC14005C2F3A /* ThirdScreenViewModel.swift in Sources */,
				4B3933F229DCD7FF005C2F3A /* UIViewController.swift in Sources */,
				4B39340329DCDC14005C2F3A /* ThirdScreenView.swift in Sources */,
			);
			runOnlyForDeploymentPostprocessing = 0;
		};
/* End PBXSourcesBuildPhase section */

/* Begin XCBuildConfiguration section */
		4B3933E029DCD72E005C2F3A /* Debug */ = {
			isa = XCBuildConfiguration;
			buildSettings = {
				ALWAYS_SEARCH_USER_PATHS = NO;
				CLANG_ANALYZER_NONNULL = YES;
				CLANG_ANALYZER_NUMBER_OBJECT_CONVERSION = YES_AGGRESSIVE;
				CLANG_CXX_LANGUAGE_STANDARD = "gnu++20";
				CLANG_ENABLE_MODULES = YES;
				CLANG_ENABLE_OBJC_ARC = YES;
				CLANG_ENABLE_OBJC_WEAK = YES;
				CLANG_WARN_BLOCK_CAPTURE_AUTORELEASING = YES;
				CLANG_WARN_BOOL_CONVERSION = YES;
				CLANG_WARN_COMMA = YES;
				CLANG_WARN_CONSTANT_CONVERSION = YES;
				CLANG_WARN_DEPRECATED_OBJC_IMPLEMENTATIONS = YES;
				CLANG_WARN_DIRECT_OBJC_ISA_USAGE = YES_ERROR;
				CLANG_WARN_DOCUMENTATION_COMMENTS = YES;
				CLANG_WARN_EMPTY_BODY = YES;
				CLANG_WARN_ENUM_CONVERSION = YES;
				CLANG_WARN_INFINITE_RECURSION = YES;
				CLANG_WARN_INT_CONVERSION = YES;
				CLANG_WARN_NON_LITERAL_NULL_CONVERSION = YES;
				CLANG_WARN_OBJC_IMPLICIT_RETAIN_SELF = YES;
				CLANG_WARN_OBJC_LITERAL_CONVERSION = YES;
				CLANG_WARN_OBJC_ROOT_CLASS = YES_ERROR;
				CLANG_WARN_QUOTED_INCLUDE_IN_FRAMEWORK_HEADER = YES;
				CLANG_WARN_RANGE_LOOP_ANALYSIS = YES;
				CLANG_WARN_STRICT_PROTOTYPES = YES;
				CLANG_WARN_SUSPICIOUS_MOVE = YES;
				CLANG_WARN_UNGUARDED_AVAILABILITY = YES_AGGRESSIVE;
				CLANG_WARN_UNREACHABLE_CODE = YES;
				CLANG_WARN__DUPLICATE_METHOD_MATCH = YES;
				COPY_PHASE_STRIP = NO;
				DEBUG_INFORMATION_FORMAT = dwarf;
				ENABLE_STRICT_OBJC_MSGSEND = YES;
				ENABLE_TESTABILITY = YES;
				GCC_C_LANGUAGE_STANDARD = gnu11;
				GCC_DYNAMIC_NO_PIC = NO;
				GCC_NO_COMMON_BLOCKS = YES;
				GCC_OPTIMIZATION_LEVEL = 0;
				GCC_PREPROCESSOR_DEFINITIONS = (
					"DEBUG=1",
					"$(inherited)",
				);
				GCC_WARN_64_TO_32_BIT_CONVERSION = YES;
				GCC_WARN_ABOUT_RETURN_TYPE = YES_ERROR;
				GCC_WARN_UNDECLARED_SELECTOR = YES;
				GCC_WARN_UNINITIALIZED_AUTOS = YES_AGGRESSIVE;
				GCC_WARN_UNUSED_FUNCTION = YES;
				GCC_WARN_UNUSED_VARIABLE = YES;
				IPHONEOS_DEPLOYMENT_TARGET = 16.2;
				MTL_ENABLE_DEBUG_INFO = INCLUDE_SOURCE;
				MTL_FAST_MATH = YES;
				ONLY_ACTIVE_ARCH = YES;
				SDKROOT = iphoneos;
				SWIFT_ACTIVE_COMPILATION_CONDITIONS = DEBUG;
				SWIFT_OPTIMIZATION_LEVEL = "-Onone";
			};
			name = Debug;
		};
		4B3933E129DCD72E005C2F3A /* Release */ = {
			isa = XCBuildConfiguration;
			buildSettings = {
				ALWAYS_SEARCH_USER_PATHS = NO;
				CLANG_ANALYZER_NONNULL = YES;
				CLANG_ANALYZER_NUMBER_OBJECT_CONVERSION = YES_AGGRESSIVE;
				CLANG_CXX_LANGUAGE_STANDARD = "gnu++20";
				CLANG_ENABLE_MODULES = YES;
				CLANG_ENABLE_OBJC_ARC = YES;
				CLANG_ENABLE_OBJC_WEAK = YES;
				CLANG_WARN_BLOCK_CAPTURE_AUTORELEASING = YES;
				CLANG_WARN_BOOL_CONVERSION = YES;
				CLANG_WARN_COMMA = YES;
				CLANG_WARN_CONSTANT_CONVERSION = YES;
				CLANG_WARN_DEPRECATED_OBJC_IMPLEMENTATIONS = YES;
				CLANG_WARN_DIRECT_OBJC_ISA_USAGE = YES_ERROR;
				CLANG_WARN_DOCUMENTATION_COMMENTS = YES;
				CLANG_WARN_EMPTY_BODY = YES;
				CLANG_WARN_ENUM_CONVERSION = YES;
				CLANG_WARN_INFINITE_RECURSION = YES;
				CLANG_WARN_INT_CONVERSION = YES;
				CLANG_WARN_NON_LITERAL_NULL_CONVERSION = YES;
				CLANG_WARN_OBJC_IMPLICIT_RETAIN_SELF = YES;
				CLANG_WARN_OBJC_LITERAL_CONVERSION = YES;
				CLANG_WARN_OBJC_ROOT_CLASS = YES_ERROR;
				CLANG_WARN_QUOTED_INCLUDE_IN_FRAMEWORK_HEADER = YES;
				CLANG_WARN_RANGE_LOOP_ANALYSIS = YES;
				CLANG_WARN_STRICT_PROTOTYPES = YES;
				CLANG_WARN_SUSPICIOUS_MOVE = YES;
				CLANG_WARN_UNGUARDED_AVAILABILITY = YES_AGGRESSIVE;
				CLANG_WARN_UNREACHABLE_CODE = YES;
				CLANG_WARN__DUPLICATE_METHOD_MATCH = YES;
				COPY_PHASE_STRIP = NO;
				DEBUG_INFORMATION_FORMAT = "dwarf-with-dsym";
				ENABLE_NS_ASSERTIONS = NO;
				ENABLE_STRICT_OBJC_MSGSEND = YES;
				GCC_C_LANGUAGE_STANDARD = gnu11;
				GCC_NO_COMMON_BLOCKS = YES;
				GCC_WARN_64_TO_32_BIT_CONVERSION = YES;
				GCC_WARN_ABOUT_RETURN_TYPE = YES_ERROR;
				GCC_WARN_UNDECLARED_SELECTOR = YES;
				GCC_WARN_UNINITIALIZED_AUTOS = YES_AGGRESSIVE;
				GCC_WARN_UNUSED_FUNCTION = YES;
				GCC_WARN_UNUSED_VARIABLE = YES;
				IPHONEOS_DEPLOYMENT_TARGET = 16.2;
				MTL_ENABLE_DEBUG_INFO = NO;
				MTL_FAST_MATH = YES;
				SDKROOT = iphoneos;
				SWIFT_COMPILATION_MODE = wholemodule;
				SWIFT_OPTIMIZATION_LEVEL = "-O";
				VALIDATE_PRODUCT = YES;
			};
			name = Release;
		};
		4B3933E329DCD72E005C2F3A /* Debug */ = {
			isa = XCBuildConfiguration;
			buildSettings = {
				ASSETCATALOG_COMPILER_APPICON_NAME = AppIcon;
				ASSETCATALOG_COMPILER_GLOBAL_ACCENT_COLOR_NAME = AccentColor;
				CODE_SIGN_STYLE = Automatic;
				CURRENT_PROJECT_VERSION = 1;
				DEVELOPMENT_ASSET_PATHS = "\"flo/Preview Content\"";
				DEVELOPMENT_TEAM = 5NNP4H75UT;
				ENABLE_PREVIEWS = YES;
				GENERATE_INFOPLIST_FILE = YES;
				INFOPLIST_KEY_UIApplicationSceneManifest_Generation = YES;
				INFOPLIST_KEY_UIApplicationSupportsIndirectInputEvents = YES;
				INFOPLIST_KEY_UILaunchScreen_Generation = YES;
				INFOPLIST_KEY_UISupportedInterfaceOrientations_iPad = "UIInterfaceOrientationPortrait UIInterfaceOrientationPortraitUpsideDown UIInterfaceOrientationLandscapeLeft UIInterfaceOrientationLandscapeRight";
				INFOPLIST_KEY_UISupportedInterfaceOrientations_iPhone = "UIInterfaceOrientationPortrait UIInterfaceOrientationLandscapeLeft UIInterfaceOrientationLandscapeRight";
				IPHONEOS_DEPLOYMENT_TARGET = 16.0;
				LD_RUNPATH_SEARCH_PATHS = (
					"$(inherited)",
					"@executable_path/Frameworks",
				);
				MARKETING_VERSION = 1.0;
				PRODUCT_BUNDLE_IDENTIFIER = com.ordinary.flo;
				PRODUCT_NAME = "$(TARGET_NAME)";
				SWIFT_EMIT_LOC_STRINGS = YES;
				SWIFT_VERSION = 5.0;
				TARGETED_DEVICE_FAMILY = "1,2";
			};
			name = Debug;
		};
		4B3933E429DCD72E005C2F3A /* Release */ = {
			isa = XCBuildConfiguration;
			buildSettings = {
				ASSETCATALOG_COMPILER_APPICON_NAME = AppIcon;
				ASSETCATALOG_COMPILER_GLOBAL_ACCENT_COLOR_NAME = AccentColor;
				CODE_SIGN_STYLE = Automatic;
				CURRENT_PROJECT_VERSION = 1;
				DEVELOPMENT_ASSET_PATHS = "\"flo/Preview Content\"";
				DEVELOPMENT_TEAM = 5NNP4H75UT;
				ENABLE_PREVIEWS = YES;
				GENERATE_INFOPLIST_FILE = YES;
				INFOPLIST_KEY_UIApplicationSceneManifest_Generation = YES;
				INFOPLIST_KEY_UIApplicationSupportsIndirectInputEvents = YES;
				INFOPLIST_KEY_UILaunchScreen_Generation = YES;
				INFOPLIST_KEY_UISupportedInterfaceOrientations_iPad = "UIInterfaceOrientationPortrait UIInterfaceOrientationPortraitUpsideDown UIInterfaceOrientationLandscapeLeft UIInterfaceOrientationLandscapeRight";
				INFOPLIST_KEY_UISupportedInterfaceOrientations_iPhone = "UIInterfaceOrientationPortrait UIInterfaceOrientationLandscapeLeft UIInterfaceOrientationLandscapeRight";
				IPHONEOS_DEPLOYMENT_TARGET = 16.0;
				LD_RUNPATH_SEARCH_PATHS = (
					"$(inherited)",
					"@executable_path/Frameworks",
				);
				MARKETING_VERSION = 1.0;
				PRODUCT_BUNDLE_IDENTIFIER = com.ordinary.flo;
				PRODUCT_NAME = "$(TARGET_NAME)";
				SWIFT_EMIT_LOC_STRINGS = YES;
				SWIFT_VERSION = 5.0;
				TARGETED_DEVICE_FAMILY = "1,2";
			};
			name = Release;
		};
/* End XCBuildConfiguration section */

/* Begin XCConfigurationList section */
		4B3933CF29DCD72C005C2F3A /* Build configuration list for PBXProject "flo" */ = {
			isa = XCConfigurationList;
			buildConfigurations = (
				4B3933E029DCD72E005C2F3A /* Debug */,
				4B3933E129DCD72E005C2F3A /* Release */,
			);
			defaultConfigurationIsVisible = 0;
			defaultConfigurationName = Release;
		};
		4B3933E229DCD72E005C2F3A /* Build configuration list for PBXNativeTarget "flo" */ = {
			isa = XCConfigurationList;
			buildConfigurations = (
				4B3933E329DCD72E005C2F3A /* Debug */,
				4B3933E429DCD72E005C2F3A /* Release */,
			);
			defaultConfigurationIsVisible = 0;
			defaultConfigurationName = Release;
		};
/* End XCConfigurationList section */
	};
	rootObject = 4B3933CC29DCD72C005C2F3A /* Project object */;
}
